
Microsoft Visual Studio Solution File, Format Version 12.00
# Visual Studio Version 16
VisualStudioVersion = 16.0.29709.97
MinimumVisualStudioVersion = 10.0.40219.1
Project("{FAE04EC0-301F-11D3-BF4B-00C04F79EFBC}") = "Petrol Station", "Petrol Station.csproj", "{B24CDC4D-7C21-4AA6-97BB-4EFAC67128A0}"
EndProject
Global
	GlobalSection(SolutionConfigurationPlatforms) = preSolution
		Debug|Any CPU = Debug|Any CPU
		Release|Any CPU = Release|Any CPU
	EndGlobalSection
	GlobalSection(ProjectConfigurationPlatforms) = postSolution
		{B24CDC4D-7C21-4AA6-97BB-4EFAC67128A0}.Debug|Any CPU.ActiveCfg = Debug|Any CPU
		{B24CDC4D-7C21-4AA6-97BB-4EFAC67128A0}.Debug|Any CPU.Build.0 = Debug|Any CPU
		{B24CDC4D-7C21-4AA6-97BB-4EFAC67128A0}.Release|Any CPU.ActiveCfg = Release|Any CPU
		{B24CDC4D-7C21-4AA6-97BB-4EFAC67128A0}.Release|Any CPU.Build.0 = Release|Any CPU
	EndGlobalSection
	GlobalSection(SolutionProperties) = preSolution
		HideSolutionNode = FALSE
	EndGlobalSection
	GlobalSection(ExtensibilityGlobals) = postSolution
		SolutionGuid = {5ABA89C9-D977-4E7B-B73E-DE3AB4D658DD}
	EndGlobalSection
EndGlobal
